// !$*UTF8*$!
{
	archiveVersion = 1;
	classes = {
	};
	objectVersion = 46;
	objects = {

/* Begin PBXBuildFile section */
		BD8FDEAF1958E80B00C0D4C0 /* AppDelegate.swift in Sources */ = {isa = PBXBuildFile; fileRef = BD8FDEAE1958E80B00C0D4C0 /* AppDelegate.swift */; };
		BD8FDEB11958E80B00C0D4C0 /* Images.xcassets in Resources */ = {isa = PBXBuildFile; fileRef = BD8FDEB01958E80B00C0D4C0 /* Images.xcassets */; };
		BD8FDEBD1958E80B00C0D4C0 /* ExpandableBottomViewTests.swift in Sources */ = {isa = PBXBuildFile; fileRef = BD8FDEBC1958E80B00C0D4C0 /* ExpandableBottomViewTests.swift */; };
/* End PBXBuildFile section */

/* Begin PBXContainerItemProxy section */
		BD8FDEB71958E80B00C0D4C0 /* PBXContainerItemProxy */ = {
			isa = PBXContainerItemProxy;
			containerPortal = BD8FDEA11958E80A00C0D4C0 /* Project object */;
			proxyType = 1;
			remoteGlobalIDString = BD8FDEA81958E80B00C0D4C0;
			remoteInfo = ExpandableBottomView;
		};
/* End PBXContainerItemProxy section */

/* Begin PBXFileReference section */
		BD8FDEA91958E80B00C0D4C0 /* ExpandableBottomView.app */ = {isa = PBXFileReference; explicitFileType = wrapper.application; includeInIndex = 0; path = ExpandableBottomView.app; sourceTree = BUILT_PRODUCTS_DIR; };
		BD8FDEAD1958E80B00C0D4C0 /* Info.plist */ = {isa = PBXFileReference; lastKnownFileType = text.plist.xml; path = Info.plist; sourceTree = "<group>"; };
		BD8FDEAE1958E80B00C0D4C0 /* AppDelegate.swift */ = {isa = PBXFileReference; lastKnownFileType = sourcecode.swift; path = AppDelegate.swift; sourceTree = "<group>"; };
		BD8FDEB01958E80B00C0D4C0 /* Images.xcassets */ = {isa = PBXFileReference; lastKnownFileType = folder.assetcatalog; path = Images.xcassets; sourceTree = "<group>"; };
		BD8FDEB61958E80B00C0D4C0 /* ExpandableBottomViewTests.xctest */ = {isa = PBXFileReference; explicitFileType = wrapper.cfbundle; includeInIndex = 0; path = ExpandableBottomViewTests.xctest; sourceTree = BUILT_PRODUCTS_DIR; };
		BD8FDEBB1958E80B00C0D4C0 /* Info.plist */ = {isa = PBXFileReference; lastKnownFileType = text.plist.xml; path = Info.plist; sourceTree = "<group>"; };
		BD8FDEBC1958E80B00C0D4C0 /* ExpandableBottomViewTests.swift */ = {isa = PBXFileReference; lastKnownFileType = sourcecode.swift; path = ExpandableBottomViewTests.swift; sourceTree = "<group>"; };
/* End PBXFileReference section */

/* Begin PBXFrameworksBuildPhase section */
		BD8FDEA61958E80B00C0D4C0 /* Frameworks */ = {
			isa = PBXFrameworksBuildPhase;
			buildActionMask = 2147483647;
			files = (
			);
			runOnlyForDeploymentPostprocessing = 0;
		};
		BD8FDEB31958E80B00C0D4C0 /* Frameworks */ = {
			isa = PBXFrameworksBuildPhase;
			buildActionMask = 2147483647;
			files = (
			);
			runOnlyForDeploymentPostprocessing = 0;
		};
/* End PBXFrameworksBuildPhase section */

/* Begin PBXGroup section */
		BD8FDEA01958E80A00C0D4C0 = {
			isa = PBXGroup;
			children = (
				BD8FDEAB1958E80B00C0D4C0 /* ExpandableBottomView */,
				BD8FDEB91958E80B00C0D4C0 /* ExpandableBottomViewTests */,
				BD8FDEAA1958E80B00C0D4C0 /* Products */,
			);
			sourceTree = "<group>";
		};
		BD8FDEAA1958E80B00C0D4C0 /* Products */ = {
			isa = PBXGroup;
			children = (
				BD8FDEA91958E80B00C0D4C0 /* ExpandableBottomView.app */,
				BD8FDEB61958E80B00C0D4C0 /* ExpandableBottomViewTests.xctest */,
			);
			name = Products;
			sourceTree = "<group>";
		};
		BD8FDEAB1958E80B00C0D4C0 /* ExpandableBottomView */ = {
			isa = PBXGroup;
			children = (
				BD8FDEAE1958E80B00C0D4C0 /* AppDelegate.swift */,
				BD8FDEB01958E80B00C0D4C0 /* Images.xcassets */,
				BD8FDEAC1958E80B00C0D4C0 /* Supporting Files */,
			);
			path = ExpandableBottomView;
			sourceTree = "<group>";
		};
		BD8FDEAC1958E80B00C0D4C0 /* Supporting Files */ = {
			isa = PBXGroup;
			children = (
				BD8FDEAD1958E80B00C0D4C0 /* Info.plist */,
			);
			name = "Supporting Files";
			sourceTree = "<group>";
		};
		BD8FDEB91958E80B00C0D4C0 /* ExpandableBottomViewTests */ = {
			isa = PBXGroup;
			children = (
				BD8FDEBC1958E80B00C0D4C0 /* ExpandableBottomViewTests.swift */,
				BD8FDEBA1958E80B00C0D4C0 /* Supporting Files */,
			);
			path = ExpandableBottomViewTests;
			sourceTree = "<group>";
		};
		BD8FDEBA1958E80B00C0D4C0 /* Supporting Files */ = {
			isa = PBXGroup;
			children = (
				BD8FDEBB1958E80B00C0D4C0 /* Info.plist */,
			);
			name = "Supporting Files";
			sourceTree = "<group>";
		};
/* End PBXGroup section */

/* Begin PBXNativeTarget section */
		BD8FDEA81958E80B00C0D4C0 /* ExpandableBottomView */ = {
			isa = PBXNativeTarget;
			buildConfigurationList = BD8FDEC01958E80B00C0D4C0 /* Build configuration list for PBXNativeTarget "ExpandableBottomView" */;
			buildPhases = (
				BD8FDEA51958E80B00C0D4C0 /* Sources */,
				BD8FDEA61958E80B00C0D4C0 /* Frameworks */,
				BD8FDEA71958E80B00C0D4C0 /* Resources */,
			);
			buildRules = (
			);
			dependencies = (
			);
			name = ExpandableBottomView;
			productName = ExpandableBottomView;
			productReference = BD8FDEA91958E80B00C0D4C0 /* ExpandableBottomView.app */;
			productType = "com.apple.product-type.application";
		};
		BD8FDEB51958E80B00C0D4C0 /* ExpandableBottomViewTests */ = {
			isa = PBXNativeTarget;
			buildConfigurationList = BD8FDEC31958E80B00C0D4C0 /* Build configuration list for PBXNativeTarget "ExpandableBottomViewTests" */;
			buildPhases = (
				BD8FDEB21958E80B00C0D4C0 /* Sources */,
				BD8FDEB31958E80B00C0D4C0 /* Frameworks */,
				BD8FDEB41958E80B00C0D4C0 /* Resources */,
			);
			buildRules = (
			);
			dependencies = (
				BD8FDEB81958E80B00C0D4C0 /* PBXTargetDependency */,
			);
			name = ExpandableBottomViewTests;
			productName = ExpandableBottomViewTests;
			productReference = BD8FDEB61958E80B00C0D4C0 /* ExpandableBottomViewTests.xctest */;
			productType = "com.apple.product-type.bundle.unit-test";
		};
/* End PBXNativeTarget section */

/* Begin PBXProject section */
		BD8FDEA11958E80A00C0D4C0 /* Project object */ = {
			isa = PBXProject;
			attributes = {
				LastUpgradeCheck = 0600;
				ORGANIZATIONNAME = "Alex Corre";
				TargetAttributes = {
					BD8FDEA81958E80B00C0D4C0 = {
						CreatedOnToolsVersion = 6.0;
					};
					BD8FDEB51958E80B00C0D4C0 = {
						CreatedOnToolsVersion = 6.0;
						TestTargetID = BD8FDEA81958E80B00C0D4C0;
					};
				};
			};
			buildConfigurationList = BD8FDEA41958E80A00C0D4C0 /* Build configuration list for PBXProject "ExpandableBottomView" */;
			compatibilityVersion = "Xcode 3.2";
			developmentRegion = English;
			hasScannedForEncodings = 0;
			knownRegions = (
				en,
			);
			mainGroup = BD8FDEA01958E80A00C0D4C0;
			productRefGroup = BD8FDEAA1958E80B00C0D4C0 /* Products */;
			projectDirPath = "";
			projectRoot = "";
			targets = (
				BD8FDEA81958E80B00C0D4C0 /* ExpandableBottomView */,
				BD8FDEB51958E80B00C0D4C0 /* ExpandableBottomViewTests */,
			);
		};
/* End PBXProject section */

/* Begin PBXResourcesBuildPhase section */
		BD8FDEA71958E80B00C0D4C0 /* Resources */ = {
			isa = PBXResourcesBuildPhase;
			buildActionMask = 2147483647;
			files = (
				BD8FDEB11958E80B00C0D4C0 /* Images.xcassets in Resources */,
			);
			runOnlyForDeploymentPostprocessing = 0;
		};
		BD8FDEB41958E80B00C0D4C0 /* Resources */ = {
			isa = PBXResourcesBuildPhase;
			buildActionMask = 2147483647;
			files = (
			);
			runOnlyForDeploymentPostprocessing = 0;
		};
/* End PBXResourcesBuildPhase section */

/* Begin PBXSourcesBuildPhase section */
		BD8FDEA51958E80B00C0D4C0 /* Sources */ = {
			isa = PBXSourcesBuildPhase;
			buildActionMask = 2147483647;
			files = (
				BD8FDEAF1958E80B00C0D4C0 /* AppDelegate.swift in Sources */,
			);
			runOnlyForDeploymentPostprocessing = 0;
		};
		BD8FDEB21958E80B00C0D4C0 /* Sources */ = {
			isa = PBXSourcesBuildPhase;
			buildActionMask = 2147483647;
			files = (
				BD8FDEBD1958E80B00C0D4C0 /* ExpandableBottomViewTests.swift in Sources */,
			);
			runOnlyForDeploymentPostprocessing = 0;
		};
/* End PBXSourcesBuildPhase section */

/* Begin PBXTargetDependency section */
		BD8FDEB81958E80B00C0D4C0 /* PBXTargetDependency */ = {
			isa = PBXTargetDependency;
			target = BD8FDEA81958E80B00C0D4C0 /* ExpandableBottomView */;
			targetProxy = BD8FDEB71958E80B00C0D4C0 /* PBXContainerItemProxy */;
		};
/* End PBXTargetDependency section */

/* Begin XCBuildConfiguration section */
		BD8FDEBE1958E80B00C0D4C0 /* Debug */ = {
			isa = XCBuildConfiguration;
			buildSettings = {
				ALWAYS_SEARCH_USER_PATHS = NO;
				CLANG_CXX_LANGUAGE_STANDARD = "gnu++0x";
				CLANG_CXX_LIBRARY = "libc++";
				CLANG_ENABLE_MODULES = YES;
				CLANG_ENABLE_OBJC_ARC = YES;
				CLANG_WARN_BOOL_CONVERSION = YES;
				CLANG_WARN_CONSTANT_CONVERSION = YES;
				CLANG_WARN_DIRECT_OBJC_ISA_USAGE = YES_ERROR;
				CLANG_WARN_EMPTY_BODY = YES;
				CLANG_WARN_ENUM_CONVERSION = YES;
				CLANG_WARN_INT_CONVERSION = YES;
				CLANG_WARN_OBJC_ROOT_CLASS = YES_ERROR;
				CLANG_WARN_UNREACHABLE_CODE = YES;
				CLANG_WARN__DUPLICATE_METHOD_MATCH = YES;
				"CODE_SIGN_IDENTITY[sdk=iphoneos*]" = "iPhone Developer";
				COPY_PHASE_STRIP = NO;
				ENABLE_STRICT_OBJC_MSGSEND = YES;
				GCC_C_LANGUAGE_STANDARD = gnu99;
				GCC_DYNAMIC_NO_PIC = NO;
				GCC_OPTIMIZATION_LEVEL = 0;
				GCC_PREPROCESSOR_DEFINITIONS = (
					"DEBUG=1",
					"$(inherited)",
				);
				GCC_SYMBOLS_PRIVATE_EXTERN = NO;
				GCC_WARN_64_TO_32_BIT_CONVERSION = YES;
				GCC_WARN_ABOUT_RETURN_TYPE = YES_ERROR;
				GCC_WARN_UNDECLARED_SELECTOR = YES;
				GCC_WARN_UNINITIALIZED_AUTOS = YES_AGGRESSIVE;
				GCC_WARN_UNUSED_FUNCTION = YES;
				GCC_WARN_UNUSED_VARIABLE = YES;
				IPHONEOS_DEPLOYMENT_TARGET = 8.0;
				METAL_ENABLE_DEBUG_INFO = YES;
				ONLY_ACTIVE_ARCH = YES;
				SDKROOT = iphoneos;
				SWIFT_OPTIMIZATION_LEVEL = "-Onone";
			};
			name = Debug;
		};
		BD8FDEBF1958E80B00C0D4C0 /* Release */ = {
			isa = XCBuildConfiguration;
			buildSettings = {
				ALWAYS_SEARCH_USER_PATHS = NO;
				CLANG_CXX_LANGUAGE_STANDARD = "gnu++0x";
				CLANG_CXX_LIBRARY = "libc++";
				CLANG_ENABLE_MODULES = YES;
				CLANG_ENABLE_OBJC_ARC = YES;
				CLANG_WARN_BOOL_CONVERSION = YES;
				CLANG_WARN_CONSTANT_CONVERSION = YES;
				CLANG_WARN_DIRECT_OBJC_ISA_USAGE = YES_ERROR;
				CLANG_WARN_EMPTY_BODY = YES;
				CLANG_WARN_ENUM_CONVERSION = YES;
				CLANG_WARN_INT_CONVERSION = YES;
				CLANG_WARN_OBJC_ROOT_CLASS = YES_ERROR;
				CLANG_WARN_UNREACHABLE_CODE = YES;
				CLANG_WARN__DUPLICATE_METHOD_MATCH = YES;
				"CODE_SIGN_IDENTITY[sdk=iphoneos*]" = "iPhone Developer";
				COPY_PHASE_STRIP = YES;
				ENABLE_NS_ASSERTIONS = NO;
				ENABLE_STRICT_OBJC_MSGSEND = YES;
				GCC_C_LANGUAGE_STANDARD = gnu99;
				GCC_WARN_64_TO_32_BIT_CONVERSION = YES;
				GCC_WARN_ABOUT_RETURN_TYPE = YES_ERROR;
				GCC_WARN_UNDECLARED_SELECTOR = YES;
				GCC_WARN_UNINITIALIZED_AUTOS = YES_AGGRESSIVE;
				GCC_WARN_UNUSED_FUNCTION = YES;
				GCC_WARN_UNUSED_VARIABLE = YES;
				IPHONEOS_DEPLOYMENT_TARGET = 8.0;
				METAL_ENABLE_DEBUG_INFO = NO;
				SDKROOT = iphoneos;
				VALIDATE_PRODUCT = YES;
			};
			name = Release;
		};
		BD8FDEC11958E80B00C0D4C0 /* Debug */ = {
			isa = XCBuildConfiguration;
			buildSettings = {
				ASSETCATALOG_COMPILER_APPICON_NAME = AppIcon;
				ASSETCATALOG_COMPILER_LAUNCHIMAGE_NAME = LaunchImage;
				INFOPLIST_FILE = ExpandableBottomView/Info.plist;
				LD_RUNPATH_SEARCH_PATHS = "$(inherited) @executable_path/Frameworks";
				PRODUCT_NAME = "$(TARGET_NAME)";
			};
			name = Debug;
		};
		BD8FDEC21958E80B00C0D4C0 /* Release */ = {
			isa = XCBuildConfiguration;
			buildSettings = {
				ASSETCATALOG_COMPILER_APPICON_NAME = AppIcon;
				ASSETCATALOG_COMPILER_LAUNCHIMAGE_NAME = LaunchImage;
				INFOPLIST_FILE = ExpandableBottomView/Info.plist;
				LD_RUNPATH_SEARCH_PATHS = "$(inherited) @executable_path/Frameworks";
				PRODUCT_NAME = "$(TARGET_NAME)";
			};
			name = Release;
		};
		BD8FDEC41958E80B00C0D4C0 /* Debug */ = {
			isa = XCBuildConfiguration;
			buildSettings = {
				BUNDLE_LOADER = "$(BUILT_PRODUCTS_DIR)/ExpandableBottomView.app/ExpandableBottomView";
				FRAMEWORK_SEARCH_PATHS = (
					"$(SDKROOT)/Developer/Library/Frameworks",
					"$(inherited)",
				);
				GCC_PREPROCESSOR_DEFINITIONS = (
					"DEBUG=1",
					"$(inherited)",
				);
				INFOPLIST_FILE = ExpandableBottomViewTests/Info.plist;
				LD_RUNPATH_SEARCH_PATHS = "$(inherited) @executable_path/Frameworks @loader_path/Frameworks";
				METAL_ENABLE_DEBUG_INFO = YES;
				PRODUCT_NAME = "$(TARGET_NAME)";
				TEST_HOST = "$(BUNDLE_LOADER)";
			};
			name = Debug;
		};
		BD8FDEC51958E80B00C0D4C0 /* Release */ = {
			isa = XCBuildConfiguration;
			buildSettings = {
				BUNDLE_LOADER = "$(BUILT_PRODUCTS_DIR)/ExpandableBottomView.app/ExpandableBottomView";
				FRAMEWORK_SEARCH_PATHS = (
					"$(SDKROOT)/Developer/Library/Frameworks",
					"$(inherited)",
				);
				INFOPLIST_FILE = ExpandableBottomViewTests/Info.plist;
				LD_RUNPATH_SEARCH_PATHS = "$(inherited) @executable_path/Frameworks @loader_path/Frameworks";
				METAL_ENABLE_DEBUG_INFO = NO;
				PRODUCT_NAME = "$(TARGET_NAME)";
				TEST_HOST = "$(BUNDLE_LOADER)";
			};
			name = Release;
		};
/* End XCBuildConfiguration section */

/* Begin XCConfigurationList section */
		BD8FDEA41958E80A00C0D4C0 /* Build configuration list for PBXProject "ExpandableBottomView" */ = {
			isa = XCConfigurationList;
			buildConfigurations = (
				BD8FDEBE1958E80B00C0D4C0 /* Debug */,
				BD8FDEBF1958E80B00C0D4C0 /* Release */,
			);
			defaultConfigurationIsVisible = 0;
			defaultConfigurationName = Release;
		};
		BD8FDEC01958E80B00C0D4C0 /* Build configuration list for PBXNativeTarget "ExpandableBottomView" */ = {
			isa = XCConfigurationList;
			buildConfigurations = (
				BD8FDEC11958E80B00C0D4C0 /* Debug */,
				BD8FDEC21958E80B00C0D4C0 /* Release */,
			);
			defaultConfigurationIsVisible = 0;
		};
		BD8FDEC31958E80B00C0D4C0 /* Build configuration list for PBXNativeTarget "ExpandableBottomViewTests" */ = {
			isa = XCConfigurationList;
			buildConfigurations = (
				BD8FDEC41958E80B00C0D4C0 /* Debug */,
				BD8FDEC51958E80B00C0D4C0 /* Release */,
			);
			defaultConfigurationIsVisible = 0;
		};
/* End XCConfigurationList section */
	};
	rootObject = BD8FDEA11958E80A00C0D4C0 /* Project object */;
}
